
Microsoft Visual Studio Solution File, Format Version 12.00
# Visual Studio 15
VisualStudioVersion = 15.0.28307.106
MinimumVisualStudioVersion = 10.0.40219.1
Project("{8BC9CEB8-8B4A-11D0-8D11-00A0C91BC942}") = "B树测试数据生成器", "B树测试数据生成器.vcxproj", "{5E31EAFA-B9C8-41D8-9187-804E857CD985}"
EndProject
Global
	GlobalSection(SolutionConfigurationPlatforms) = preSolution
		Debug|x64 = Debug|x64
		Debug|x86 = Debug|x86
		Release|x64 = Release|x64
		Release|x86 = Release|x86
	EndGlobalSection
	GlobalSection(ProjectConfigurationPlatforms) = postSolution
		{5E31EAFA-B9C8-41D8-9187-804E857CD985}.Debug|x64.ActiveCfg = Debug|x64
		{5E31EAFA-B9C8-41D8-9187-804E857CD985}.Debug|x64.Build.0 = Debug|x64
		{5E31EAFA-B9C8-41D8-9187-804E857CD985}.Debug|x86.ActiveCfg = Debug|Win32
		{5E31EAFA-B9C8-41D8-9187-804E857CD985}.Debug|x86.Build.0 = Debug|Win32
		{5E31EAFA-B9C8-41D8-9187-804E857CD985}.Release|x64.ActiveCfg = Release|x64
		{5E31EAFA-B9C8-41D8-9187-804E857CD985}.Release|x64.Build.0 = Release|x64
		{5E31EAFA-B9C8-41D8-9187-804E857CD985}.Release|x86.ActiveCfg = Release|Win32
		{5E31EAFA-B9C8-41D8-9187-804E857CD985}.Release|x86.Build.0 = Release|Win32
	EndGlobalSection
	GlobalSection(SolutionProperties) = preSolution
		HideSolutionNode = FALSE
	EndGlobalSection
	GlobalSection(ExtensibilityGlobals) = postSolution
		SolutionGuid = {FB69C1F9-7BF9-4546-8C49-EBE4E1B6B9C2}
	EndGlobalSection
EndGlobal
